
Microsoft Visual Studio Solution File, Format Version 12.00
# Visual Studio Version 17
VisualStudioVersion = 17.6.33723.286
MinimumVisualStudioVersion = 10.0.40219.1
Project("{9A19103F-16F7-4668-BE54-9A1E7A4F7556}") = "FileExporter", "src\FileExporter\FileExporter.csproj", "{37F75643-3F86-437F-9C88-21AD8C84E6B1}"
EndProject
Project("{9A19103F-16F7-4668-BE54-9A1E7A4F7556}") = "FileExporter.Tests", "test\FileExporter.Tests\FileExporter.Tests.csproj", "{9828695B-4FB0-4D29-9F19-469A369DA131}"
EndProject
Project("{FAE04EC0-301F-11D3-BF4B-00C04F79EFBC}") = "FileExporter.Demo", "test\FileExporter.Demo\FileExporter.Demo.csproj", "{4EBD2CC6-CA15-495C-AE54-337B23152710}"
EndProject
Project("{2150E333-8FDC-42A3-9474-1A3956D46DE8}") = "Solution Items", "Solution Items", "{1E6E6EA8-2623-46DA-8A61-53429EBCFE0D}"
	ProjectSection(SolutionItems) = preProject
		.github\workflows\main.yml = .github\workflows\main.yml
		README.md = README.md
		.gitignore = .gitignore
		global.json = global.json
	EndProjectSection
EndProject
Project("{2150E333-8FDC-42A3-9474-1A3956D46DE8}") = "src", "src", "{4459D40A-17C0-4B8D-9F8A-5CBD596EB80E}"
EndProject
Project("{2150E333-8FDC-42A3-9474-1A3956D46DE8}") = "test", "test", "{72F33894-D89A-4D2F-B897-58F7CD1F381E}"
EndProject
Global
	GlobalSection(SolutionConfigurationPlatforms) = preSolution
		Debug|Any CPU = Debug|Any CPU
		Release|Any CPU = Release|Any CPU
	EndGlobalSection
	GlobalSection(ProjectConfigurationPlatforms) = postSolution
		{37F75643-3F86-437F-9C88-21AD8C84E6B1}.Debug|Any CPU.ActiveCfg = Debug|Any CPU
		{37F75643-3F86-437F-9C88-21AD8C84E6B1}.Debug|Any CPU.Build.0 = Debug|Any CPU
		{37F75643-3F86-437F-9C88-21AD8C84E6B1}.Release|Any CPU.ActiveCfg = Release|Any CPU
		{37F75643-3F86-437F-9C88-21AD8C84E6B1}.Release|Any CPU.Build.0 = Release|Any CPU
		{9828695B-4FB0-4D29-9F19-469A369DA131}.Debug|Any CPU.ActiveCfg = Debug|Any CPU
		{9828695B-4FB0-4D29-9F19-469A369DA131}.Debug|Any CPU.Build.0 = Debug|Any CPU
		{9828695B-4FB0-4D29-9F19-469A369DA131}.Release|Any CPU.ActiveCfg = Release|Any CPU
		{9828695B-4FB0-4D29-9F19-469A369DA131}.Release|Any CPU.Build.0 = Release|Any CPU
		{4EBD2CC6-CA15-495C-AE54-337B23152710}.Debug|Any CPU.ActiveCfg = Debug|Any CPU
		{4EBD2CC6-CA15-495C-AE54-337B23152710}.Debug|Any CPU.Build.0 = Debug|Any CPU
		{4EBD2CC6-CA15-495C-AE54-337B23152710}.Release|Any CPU.ActiveCfg = Release|Any CPU
		{4EBD2CC6-CA15-495C-AE54-337B23152710}.Release|Any CPU.Build.0 = Release|Any CPU
	EndGlobalSection
	GlobalSection(SolutionProperties) = preSolution
		HideSolutionNode = FALSE
	EndGlobalSection
	GlobalSection(ExtensibilityGlobals) = postSolution
		SolutionGuid = {678DF597-8C5F-43BE-AF75-34185E29F48D}
	EndGlobalSection
	GlobalSection(NestedProjects) = preSolution
		{37F75643-3F86-437F-9C88-21AD8C84E6B1} = {4459D40A-17C0-4B8D-9F8A-5CBD596EB80E}
		{4EBD2CC6-CA15-495C-AE54-337B23152710} = {72F33894-D89A-4D2F-B897-58F7CD1F381E}
		{9828695B-4FB0-4D29-9F19-469A369DA131} = {72F33894-D89A-4D2F-B897-58F7CD1F381E}
	EndGlobalSection
EndGlobal
