
Microsoft Visual Studio Solution File, Format Version 12.00
# Visual Studio Version 17
VisualStudioVersion = 17.6.33723.286
MinimumVisualStudioVersion = 10.0.40219.1
Project("{9A19103F-16F7-4668-BE54-9A1E7A4F7556}") = "FileExporter", "src\FileExporter\FileExporter.csproj", "{37F75643-3F86-437F-9C88-21AD8C84E6B1}"
EndProject
Project("{9A19103F-16F7-4668-BE54-9A1E7A4F7556}") = "FileExporter.Tests", "src\FileExporter.Tests\FileExporter.Tests.csproj", "{9828695B-4FB0-4D29-9F19-469A369DA131}"
EndProject
Project("{FAE04EC0-301F-11D3-BF4B-00C04F79EFBC}") = "FileExporter.Demo", "src\FileExporter.Demo\FileExporter.Demo.csproj", "{4EBD2CC6-CA15-495C-AE54-337B23152710}"
EndProject
Global
	GlobalSection(SolutionConfigurationPlatforms) = preSolution
		Debug|Any CPU = Debug|Any CPU
		Release|Any CPU = Release|Any CPU
	EndGlobalSection
	GlobalSection(ProjectConfigurationPlatforms) = postSolution
		{37F75643-3F86-437F-9C88-21AD8C84E6B1}.Debug|Any CPU.ActiveCfg = Debug|Any CPU
		{37F75643-3F86-437F-9C88-21AD8C84E6B1}.Debug|Any CPU.Build.0 = Debug|Any CPU
		{37F75643-3F86-437F-9C88-21AD8C84E6B1}.Release|Any CPU.ActiveCfg = Release|Any CPU
		{37F75643-3F86-437F-9C88-21AD8C84E6B1}.Release|Any CPU.Build.0 = Release|Any CPU
		{9828695B-4FB0-4D29-9F19-469A369DA131}.Debug|Any CPU.ActiveCfg = Debug|Any CPU
		{9828695B-4FB0-4D29-9F19-469A369DA131}.Debug|Any CPU.Build.0 = Debug|Any CPU
		{9828695B-4FB0-4D29-9F19-469A369DA131}.Release|Any CPU.ActiveCfg = Release|Any CPU
		{9828695B-4FB0-4D29-9F19-469A369DA131}.Release|Any CPU.Build.0 = Release|Any CPU
		{4EBD2CC6-CA15-495C-AE54-337B23152710}.Debug|Any CPU.ActiveCfg = Debug|Any CPU
		{4EBD2CC6-CA15-495C-AE54-337B23152710}.Debug|Any CPU.Build.0 = Debug|Any CPU
		{4EBD2CC6-CA15-495C-AE54-337B23152710}.Release|Any CPU.ActiveCfg = Release|Any CPU
		{4EBD2CC6-CA15-495C-AE54-337B23152710}.Release|Any CPU.Build.0 = Release|Any CPU
	EndGlobalSection
	GlobalSection(SolutionProperties) = preSolution
		HideSolutionNode = FALSE
	EndGlobalSection
	GlobalSection(ExtensibilityGlobals) = postSolution
		SolutionGuid = {678DF597-8C5F-43BE-AF75-34185E29F48D}
	EndGlobalSection
EndGlobal
